
Microsoft Visual Studio Solution File, Format Version 12.00
# Visual Studio Version 16
VisualStudioVersion = 16.0.30611.23
MinimumVisualStudioVersion = 10.0.40219.1
Project("{FAE04EC0-301F-11D3-BF4B-00C04F79EFBC}") = "2010", "2010\2010.csproj", "{2282BDA1-246E-4630-8218-25044B7292DD}"
EndProject
Project("{FAE04EC0-301F-11D3-BF4B-00C04F79EFBC}") = "zad2", "zad2\zad2.csproj", "{78554F93-9750-4320-86B0-A6DF1B9D72FA}"
EndProject
Project("{FAE04EC0-301F-11D3-BF4B-00C04F79EFBC}") = "zad3", "zad3\zad3.csproj", "{073D48FD-E9D9-4CE9-A730-B7F1F722BE01}"
EndProject
Project("{FAE04EC0-301F-11D3-BF4B-00C04F79EFBC}") = "zad4", "zad4\zad4.csproj", "{78AB3897-E41E-4798-B200-3132831F2F25}"
EndProject
Global
	GlobalSection(SolutionConfigurationPlatforms) = preSolution
		Debug|Any CPU = Debug|Any CPU
		Release|Any CPU = Release|Any CPU
	EndGlobalSection
	GlobalSection(ProjectConfigurationPlatforms) = postSolution
		{2282BDA1-246E-4630-8218-25044B7292DD}.Debug|Any CPU.ActiveCfg = Debug|Any CPU
		{2282BDA1-246E-4630-8218-25044B7292DD}.Debug|Any CPU.Build.0 = Debug|Any CPU
		{2282BDA1-246E-4630-8218-25044B7292DD}.Release|Any CPU.ActiveCfg = Release|Any CPU
		{2282BDA1-246E-4630-8218-25044B7292DD}.Release|Any CPU.Build.0 = Release|Any CPU
		{78554F93-9750-4320-86B0-A6DF1B9D72FA}.Debug|Any CPU.ActiveCfg = Debug|Any CPU
		{78554F93-9750-4320-86B0-A6DF1B9D72FA}.Debug|Any CPU.Build.0 = Debug|Any CPU
		{78554F93-9750-4320-86B0-A6DF1B9D72FA}.Release|Any CPU.ActiveCfg = Release|Any CPU
		{78554F93-9750-4320-86B0-A6DF1B9D72FA}.Release|Any CPU.Build.0 = Release|Any CPU
		{073D48FD-E9D9-4CE9-A730-B7F1F722BE01}.Debug|Any CPU.ActiveCfg = Debug|Any CPU
		{073D48FD-E9D9-4CE9-A730-B7F1F722BE01}.Debug|Any CPU.Build.0 = Debug|Any CPU
		{073D48FD-E9D9-4CE9-A730-B7F1F722BE01}.Release|Any CPU.ActiveCfg = Release|Any CPU
		{073D48FD-E9D9-4CE9-A730-B7F1F722BE01}.Release|Any CPU.Build.0 = Release|Any CPU
		{78AB3897-E41E-4798-B200-3132831F2F25}.Debug|Any CPU.ActiveCfg = Debug|Any CPU
		{78AB3897-E41E-4798-B200-3132831F2F25}.Debug|Any CPU.Build.0 = Debug|Any CPU
		{78AB3897-E41E-4798-B200-3132831F2F25}.Release|Any CPU.ActiveCfg = Release|Any CPU
		{78AB3897-E41E-4798-B200-3132831F2F25}.Release|Any CPU.Build.0 = Release|Any CPU
	EndGlobalSection
	GlobalSection(SolutionProperties) = preSolution
		HideSolutionNode = FALSE
	EndGlobalSection
	GlobalSection(ExtensibilityGlobals) = postSolution
		SolutionGuid = {113E54FA-E80A-423F-8F84-EC7F2A327B77}
	EndGlobalSection
EndGlobal
